// !$*UTF8*$!
{
	archiveVersion = 1;
	classes = {
	};
	objectVersion = 56;
	objects = {

/* Begin PBXBuildFile section */
		E487C15D2B9610840008BD83 /* AppDelegate.swift in Sources */ = {isa = PBXBuildFile; fileRef = E487C15C2B9610840008BD83 /* AppDelegate.swift */; };
		E487C15F2B9610840008BD83 /* SceneDelegate.swift in Sources */ = {isa = PBXBuildFile; fileRef = E487C15E2B9610840008BD83 /* SceneDelegate.swift */; };
		E487C1612B9610840008BD83 /* ViewController.swift in Sources */ = {isa = PBXBuildFile; fileRef = E487C1602B9610840008BD83 /* ViewController.swift */; };
		E487C1642B9610840008BD83 /* Main.storyboard in Resources */ = {isa = PBXBuildFile; fileRef = E487C1622B9610840008BD83 /* Main.storyboard */; };
		E487C1662B9610860008BD83 /* Assets.xcassets in Resources */ = {isa = PBXBuildFile; fileRef = E487C1652B9610860008BD83 /* Assets.xcassets */; };
		E487C1692B9610860008BD83 /* LaunchScreen.storyboard in Resources */ = {isa = PBXBuildFile; fileRef = E487C1672B9610860008BD83 /* LaunchScreen.storyboard */; };
		E487C1722B9615A20008BD83 /* TurboNavigator in Frameworks */ = {isa = PBXBuildFile; productRef = E487C1712B9615A20008BD83 /* TurboNavigator */; };
		E487C1752B9615CD0008BD83 /* Strada in Frameworks */ = {isa = PBXBuildFile; productRef = E487C1742B9615CD0008BD83 /* Strada */; };
		E487C1772B9616300008BD83 /* Endpoint.swift in Sources */ = {isa = PBXBuildFile; fileRef = E487C1762B9616300008BD83 /* Endpoint.swift */; };
		E4ACD5632B96181D00FB50E3 /* BridgeComponent+App.swift in Sources */ = {isa = PBXBuildFile; fileRef = E4ACD5622B96181D00FB50E3 /* BridgeComponent+App.swift */; };
		E4ACD5652B96187000FB50E3 /* WebViewController.swift in Sources */ = {isa = PBXBuildFile; fileRef = E4ACD5642B96187000FB50E3 /* WebViewController.swift */; };
		E4ACD5672B9618C500FB50E3 /* ButtonComponent.swift in Sources */ = {isa = PBXBuildFile; fileRef = E4ACD5662B9618C500FB50E3 /* ButtonComponent.swift */; };
		E4ACD5692B9618D600FB50E3 /* MenuComponent.swift in Sources */ = {isa = PBXBuildFile; fileRef = E4ACD5682B9618D600FB50E3 /* MenuComponent.swift */; };
		E4ACD56C2B9A328E00FB50E3 /* UserNotifications.framework in Frameworks */ = {isa = PBXBuildFile; fileRef = E4ACD56B2B9A328E00FB50E3 /* UserNotifications.framework */; };
/* End PBXBuildFile section */

/* Begin PBXFileReference section */
		E487C1592B9610840008BD83 /* sporticalapp.app */ = {isa = PBXFileReference; explicitFileType = wrapper.application; includeInIndex = 0; path = sporticalapp.app; sourceTree = BUILT_PRODUCTS_DIR; };
		E487C15C2B9610840008BD83 /* AppDelegate.swift */ = {isa = PBXFileReference; lastKnownFileType = sourcecode.swift; path = AppDelegate.swift; sourceTree = "<group>"; };
		E487C15E2B9610840008BD83 /* SceneDelegate.swift */ = {isa = PBXFileReference; lastKnownFileType = sourcecode.swift; path = SceneDelegate.swift; sourceTree = "<group>"; };
		E487C1602B9610840008BD83 /* ViewController.swift */ = {isa = PBXFileReference; lastKnownFileType = sourcecode.swift; path = ViewController.swift; sourceTree = "<group>"; };
		E487C1632B9610840008BD83 /* Base */ = {isa = PBXFileReference; lastKnownFileType = file.storyboard; name = Base; path = Base.lproj/Main.storyboard; sourceTree = "<group>"; };
		E487C1652B9610860008BD83 /* Assets.xcassets */ = {isa = PBXFileReference; lastKnownFileType = folder.assetcatalog; path = Assets.xcassets; sourceTree = "<group>"; };
		E487C1682B9610860008BD83 /* Base */ = {isa = PBXFileReference; lastKnownFileType = file.storyboard; name = Base; path = Base.lproj/LaunchScreen.storyboard; sourceTree = "<group>"; };
		E487C16A2B9610860008BD83 /* Info.plist */ = {isa = PBXFileReference; lastKnownFileType = text.plist.xml; path = Info.plist; sourceTree = "<group>"; };
		E487C1762B9616300008BD83 /* Endpoint.swift */ = {isa = PBXFileReference; lastKnownFileType = sourcecode.swift; path = Endpoint.swift; sourceTree = "<group>"; };
		E4ACD5622B96181D00FB50E3 /* BridgeComponent+App.swift */ = {isa = PBXFileReference; lastKnownFileType = sourcecode.swift; path = "BridgeComponent+App.swift"; sourceTree = "<group>"; };
		E4ACD5642B96187000FB50E3 /* WebViewController.swift */ = {isa = PBXFileReference; lastKnownFileType = sourcecode.swift; path = WebViewController.swift; sourceTree = "<group>"; };
		E4ACD5662B9618C500FB50E3 /* ButtonComponent.swift */ = {isa = PBXFileReference; lastKnownFileType = sourcecode.swift; path = ButtonComponent.swift; sourceTree = "<group>"; };
		E4ACD5682B9618D600FB50E3 /* MenuComponent.swift */ = {isa = PBXFileReference; lastKnownFileType = sourcecode.swift; path = MenuComponent.swift; sourceTree = "<group>"; };
		E4ACD56B2B9A328E00FB50E3 /* UserNotifications.framework */ = {isa = PBXFileReference; lastKnownFileType = wrapper.framework; name = UserNotifications.framework; path = System/Library/Frameworks/UserNotifications.framework; sourceTree = SDKROOT; };
		E4ACD56D2B9A33EE00FB50E3 /* UserNotificationsUI.framework */ = {isa = PBXFileReference; lastKnownFileType = wrapper.framework; name = UserNotificationsUI.framework; path = System/Library/Frameworks/UserNotificationsUI.framework; sourceTree = SDKROOT; };
/* End PBXFileReference section */

/* Begin PBXFrameworksBuildPhase section */
		E487C1562B9610840008BD83 /* Frameworks */ = {
			isa = PBXFrameworksBuildPhase;
			buildActionMask = 2147483647;
			files = (
				E487C1722B9615A20008BD83 /* TurboNavigator in Frameworks */,
				E487C1752B9615CD0008BD83 /* Strada in Frameworks */,
				E4ACD56C2B9A328E00FB50E3 /* UserNotifications.framework in Frameworks */,
			);
			runOnlyForDeploymentPostprocessing = 0;
		};
/* End PBXFrameworksBuildPhase section */

/* Begin PBXGroup section */
		E487C1502B9610840008BD83 = {
			isa = PBXGroup;
			children = (
				E487C15B2B9610840008BD83 /* sporticalapp */,
				E487C15A2B9610840008BD83 /* Products */,
				E4ACD56A2B9A328E00FB50E3 /* Frameworks */,
			);
			sourceTree = "<group>";
		};
		E487C15A2B9610840008BD83 /* Products */ = {
			isa = PBXGroup;
			children = (
				E487C1592B9610840008BD83 /* sporticalapp.app */,
			);
			name = Products;
			sourceTree = "<group>";
		};
		E487C15B2B9610840008BD83 /* sporticalapp */ = {
			isa = PBXGroup;
			children = (
				E4ACD5612B9617FD00FB50E3 /* Strada */,
				E487C15C2B9610840008BD83 /* AppDelegate.swift */,
				E487C15E2B9610840008BD83 /* SceneDelegate.swift */,
				E487C1602B9610840008BD83 /* ViewController.swift */,
				E487C1622B9610840008BD83 /* Main.storyboard */,
				E487C1652B9610860008BD83 /* Assets.xcassets */,
				E487C1672B9610860008BD83 /* LaunchScreen.storyboard */,
				E487C16A2B9610860008BD83 /* Info.plist */,
				E487C1762B9616300008BD83 /* Endpoint.swift */,
				E4ACD5642B96187000FB50E3 /* WebViewController.swift */,
			);
			path = sporticalapp;
			sourceTree = "<group>";
		};
		E4ACD5612B9617FD00FB50E3 /* Strada */ = {
			isa = PBXGroup;
			children = (
				E4ACD5622B96181D00FB50E3 /* BridgeComponent+App.swift */,
				E4ACD5662B9618C500FB50E3 /* ButtonComponent.swift */,
				E4ACD5682B9618D600FB50E3 /* MenuComponent.swift */,
			);
			path = Strada;
			sourceTree = "<group>";
		};
		E4ACD56A2B9A328E00FB50E3 /* Frameworks */ = {
			isa = PBXGroup;
			children = (
				E4ACD56D2B9A33EE00FB50E3 /* UserNotificationsUI.framework */,
				E4ACD56B2B9A328E00FB50E3 /* UserNotifications.framework */,
			);
			name = Frameworks;
			sourceTree = "<group>";
		};
/* End PBXGroup section */

/* Begin PBXNativeTarget section */
		E487C1582B9610840008BD83 /* sporticalapp */ = {
			isa = PBXNativeTarget;
			buildConfigurationList = E487C16D2B9610860008BD83 /* Build configuration list for PBXNativeTarget "sporticalapp" */;
			buildPhases = (
				E487C1552B9610840008BD83 /* Sources */,
				E487C1562B9610840008BD83 /* Frameworks */,
				E487C1572B9610840008BD83 /* Resources */,
			);
			buildRules = (
			);
			dependencies = (
			);
			name = sporticalapp;
			packageProductDependencies = (
				E487C1712B9615A20008BD83 /* TurboNavigator */,
				E487C1742B9615CD0008BD83 /* Strada */,
			);
			productName = sporticalapp;
			productReference = E487C1592B9610840008BD83 /* sporticalapp.app */;
			productType = "com.apple.product-type.application";
		};
/* End PBXNativeTarget section */

/* Begin PBXProject section */
		E487C1512B9610840008BD83 /* Project object */ = {
			isa = PBXProject;
			attributes = {
				BuildIndependentTargetsInParallel = 1;
				LastSwiftUpdateCheck = 1520;
				LastUpgradeCheck = 1520;
				TargetAttributes = {
					E487C1582B9610840008BD83 = {
						CreatedOnToolsVersion = 15.2;
					};
				};
			};
			buildConfigurationList = E487C1542B9610840008BD83 /* Build configuration list for PBXProject "sporticalapp" */;
			compatibilityVersion = "Xcode 14.0";
			developmentRegion = en;
			hasScannedForEncodings = 0;
			knownRegions = (
				en,
				Base,
			);
			mainGroup = E487C1502B9610840008BD83;
			packageReferences = (
				E487C1702B9615A20008BD83 /* XCRemoteSwiftPackageReference "TurboNavigator" */,
				E487C1732B9615CD0008BD83 /* XCRemoteSwiftPackageReference "strada-ios" */,
			);
			productRefGroup = E487C15A2B9610840008BD83 /* Products */;
			projectDirPath = "";
			projectRoot = "";
			targets = (
				E487C1582B9610840008BD83 /* sporticalapp */,
			);
		};
/* End PBXProject section */

/* Begin PBXResourcesBuildPhase section */
		E487C1572B9610840008BD83 /* Resources */ = {
			isa = PBXResourcesBuildPhase;
			buildActionMask = 2147483647;
			files = (
				E487C1692B9610860008BD83 /* LaunchScreen.storyboard in Resources */,
				E487C1662B9610860008BD83 /* Assets.xcassets in Resources */,
				E487C1642B9610840008BD83 /* Main.storyboard in Resources */,
			);
			runOnlyForDeploymentPostprocessing = 0;
		};
/* End PBXResourcesBuildPhase section */

/* Begin PBXSourcesBuildPhase section */
		E487C1552B9610840008BD83 /* Sources */ = {
			isa = PBXSourcesBuildPhase;
			buildActionMask = 2147483647;
			files = (
				E487C1612B9610840008BD83 /* ViewController.swift in Sources */,
				E4ACD5652B96187000FB50E3 /* WebViewController.swift in Sources */,
				E487C15D2B9610840008BD83 /* AppDelegate.swift in Sources */,
				E487C1772B9616300008BD83 /* Endpoint.swift in Sources */,
				E4ACD5672B9618C500FB50E3 /* ButtonComponent.swift in Sources */,
				E487C15F2B9610840008BD83 /* SceneDelegate.swift in Sources */,
				E4ACD5692B9618D600FB50E3 /* MenuComponent.swift in Sources */,
				E4ACD5632B96181D00FB50E3 /* BridgeComponent+App.swift in Sources */,
			);
			runOnlyForDeploymentPostprocessing = 0;
		};
/* End PBXSourcesBuildPhase section */

/* Begin PBXVariantGroup section */
		E487C1622B9610840008BD83 /* Main.storyboard */ = {
			isa = PBXVariantGroup;
			children = (
				E487C1632B9610840008BD83 /* Base */,
			);
			name = Main.storyboard;
			sourceTree = "<group>";
		};
		E487C1672B9610860008BD83 /* LaunchScreen.storyboard */ = {
			isa = PBXVariantGroup;
			children = (
				E487C1682B9610860008BD83 /* Base */,
			);
			name = LaunchScreen.storyboard;
			sourceTree = "<group>";
		};
/* End PBXVariantGroup section */

/* Begin XCBuildConfiguration section */
		E487C16B2B9610860008BD83 /* Debug */ = {
			isa = XCBuildConfiguration;
			buildSettings = {
				ALWAYS_SEARCH_USER_PATHS = NO;
				ASSETCATALOG_COMPILER_GENERATE_SWIFT_ASSET_SYMBOL_EXTENSIONS = YES;
				CLANG_ANALYZER_NONNULL = YES;
				CLANG_ANALYZER_NUMBER_OBJECT_CONVERSION = YES_AGGRESSIVE;
				CLANG_CXX_LANGUAGE_STANDARD = "gnu++20";
				CLANG_ENABLE_MODULES = YES;
				CLANG_ENABLE_OBJC_ARC = YES;
				CLANG_ENABLE_OBJC_WEAK = YES;
				CLANG_WARN_BLOCK_CAPTURE_AUTORELEASING = YES;
				CLANG_WARN_BOOL_CONVERSION = YES;
				CLANG_WARN_COMMA = YES;
				CLANG_WARN_CONSTANT_CONVERSION = YES;
				CLANG_WARN_DEPRECATED_OBJC_IMPLEMENTATIONS = YES;
				CLANG_WARN_DIRECT_OBJC_ISA_USAGE = YES_ERROR;
				CLANG_WARN_DOCUMENTATION_COMMENTS = YES;
				CLANG_WARN_EMPTY_BODY = YES;
				CLANG_WARN_ENUM_CONVERSION = YES;
				CLANG_WARN_INFINITE_RECURSION = YES;
				CLANG_WARN_INT_CONVERSION = YES;
				CLANG_WARN_NON_LITERAL_NULL_CONVERSION = YES;
				CLANG_WARN_OBJC_IMPLICIT_RETAIN_SELF = YES;
				CLANG_WARN_OBJC_LITERAL_CONVERSION = YES;
				CLANG_WARN_OBJC_ROOT_CLASS = YES_ERROR;
				CLANG_WARN_QUOTED_INCLUDE_IN_FRAMEWORK_HEADER = YES;
				CLANG_WARN_RANGE_LOOP_ANALYSIS = YES;
				CLANG_WARN_STRICT_PROTOTYPES = YES;
				CLANG_WARN_SUSPICIOUS_MOVE = YES;
				CLANG_WARN_UNGUARDED_AVAILABILITY = YES_AGGRESSIVE;
				CLANG_WARN_UNREACHABLE_CODE = YES;
				CLANG_WARN__DUPLICATE_METHOD_MATCH = YES;
				COPY_PHASE_STRIP = NO;
				DEBUG_INFORMATION_FORMAT = dwarf;
				ENABLE_STRICT_OBJC_MSGSEND = YES;
				ENABLE_TESTABILITY = YES;
				ENABLE_USER_SCRIPT_SANDBOXING = YES;
				GCC_C_LANGUAGE_STANDARD = gnu17;
				GCC_DYNAMIC_NO_PIC = NO;
				GCC_NO_COMMON_BLOCKS = YES;
				GCC_OPTIMIZATION_LEVEL = 0;
				GCC_PREPROCESSOR_DEFINITIONS = (
					"DEBUG=1",
					"$(inherited)",
				);
				GCC_WARN_64_TO_32_BIT_CONVERSION = YES;
				GCC_WARN_ABOUT_RETURN_TYPE = YES_ERROR;
				GCC_WARN_UNDECLARED_SELECTOR = YES;
				GCC_WARN_UNINITIALIZED_AUTOS = YES_AGGRESSIVE;
				GCC_WARN_UNUSED_FUNCTION = YES;
				GCC_WARN_UNUSED_VARIABLE = YES;
				IPHONEOS_DEPLOYMENT_TARGET = 17.2;
				LOCALIZATION_PREFERS_STRING_CATALOGS = YES;
				MTL_ENABLE_DEBUG_INFO = INCLUDE_SOURCE;
				MTL_FAST_MATH = YES;
				ONLY_ACTIVE_ARCH = YES;
				SDKROOT = iphoneos;
				SWIFT_ACTIVE_COMPILATION_CONDITIONS = "DEBUG $(inherited)";
				SWIFT_OPTIMIZATION_LEVEL = "-Onone";
			};
			name = Debug;
		};
		E487C16C2B9610860008BD83 /* Release */ = {
			isa = XCBuildConfiguration;
			buildSettings = {
				ALWAYS_SEARCH_USER_PATHS = NO;
				ASSETCATALOG_COMPILER_GENERATE_SWIFT_ASSET_SYMBOL_EXTENSIONS = YES;
				CLANG_ANALYZER_NONNULL = YES;
				CLANG_ANALYZER_NUMBER_OBJECT_CONVERSION = YES_AGGRESSIVE;
				CLANG_CXX_LANGUAGE_STANDARD = "gnu++20";
				CLANG_ENABLE_MODULES = YES;
				CLANG_ENABLE_OBJC_ARC = YES;
				CLANG_ENABLE_OBJC_WEAK = YES;
				CLANG_WARN_BLOCK_CAPTURE_AUTORELEASING = YES;
				CLANG_WARN_BOOL_CONVERSION = YES;
				CLANG_WARN_COMMA = YES;
				CLANG_WARN_CONSTANT_CONVERSION = YES;
				CLANG_WARN_DEPRECATED_OBJC_IMPLEMENTATIONS = YES;
				CLANG_WARN_DIRECT_OBJC_ISA_USAGE = YES_ERROR;
				CLANG_WARN_DOCUMENTATION_COMMENTS = YES;
				CLANG_WARN_EMPTY_BODY = YES;
				CLANG_WARN_ENUM_CONVERSION = YES;
				CLANG_WARN_INFINITE_RECURSION = YES;
				CLANG_WARN_INT_CONVERSION = YES;
				CLANG_WARN_NON_LITERAL_NULL_CONVERSION = YES;
				CLANG_WARN_OBJC_IMPLICIT_RETAIN_SELF = YES;
				CLANG_WARN_OBJC_LITERAL_CONVERSION = YES;
				CLANG_WARN_OBJC_ROOT_CLASS = YES_ERROR;
				CLANG_WARN_QUOTED_INCLUDE_IN_FRAMEWORK_HEADER = YES;
				CLANG_WARN_RANGE_LOOP_ANALYSIS = YES;
				CLANG_WARN_STRICT_PROTOTYPES = YES;
				CLANG_WARN_SUSPICIOUS_MOVE = YES;
				CLANG_WARN_UNGUARDED_AVAILABILITY = YES_AGGRESSIVE;
				CLANG_WARN_UNREACHABLE_CODE = YES;
				CLANG_WARN__DUPLICATE_METHOD_MATCH = YES;
				COPY_PHASE_STRIP = NO;
				DEBUG_INFORMATION_FORMAT = "dwarf-with-dsym";
				ENABLE_NS_ASSERTIONS = NO;
				ENABLE_STRICT_OBJC_MSGSEND = YES;
				ENABLE_USER_SCRIPT_SANDBOXING = YES;
				GCC_C_LANGUAGE_STANDARD = gnu17;
				GCC_NO_COMMON_BLOCKS = YES;
				GCC_WARN_64_TO_32_BIT_CONVERSION = YES;
				GCC_WARN_ABOUT_RETURN_TYPE = YES_ERROR;
				GCC_WARN_UNDECLARED_SELECTOR = YES;
				GCC_WARN_UNINITIALIZED_AUTOS = YES_AGGRESSIVE;
				GCC_WARN_UNUSED_FUNCTION = YES;
				GCC_WARN_UNUSED_VARIABLE = YES;
				IPHONEOS_DEPLOYMENT_TARGET = 17.2;
				LOCALIZATION_PREFERS_STRING_CATALOGS = YES;
				MTL_ENABLE_DEBUG_INFO = NO;
				MTL_FAST_MATH = YES;
				SDKROOT = iphoneos;
				SWIFT_COMPILATION_MODE = wholemodule;
				VALIDATE_PRODUCT = YES;
			};
			name = Release;
		};
		E487C16E2B9610860008BD83 /* Debug */ = {
			isa = XCBuildConfiguration;
			buildSettings = {
				ASSETCATALOG_COMPILER_APPICON_NAME = AppIcon;
				ASSETCATALOG_COMPILER_GLOBAL_ACCENT_COLOR_NAME = AccentColor;
				CODE_SIGN_IDENTITY = "Apple Development";
				CODE_SIGN_STYLE = Automatic;
				CURRENT_PROJECT_VERSION = 1;
				DEVELOPMENT_TEAM = WPU4CLB3RL;
				GENERATE_INFOPLIST_FILE = YES;
				INFOPLIST_FILE = sporticalapp/Info.plist;
				INFOPLIST_KEY_CFBundleDisplayName = SporticalApp;
				INFOPLIST_KEY_LSApplicationCategoryType = "public.app-category.sports";
				INFOPLIST_KEY_UIApplicationSupportsIndirectInputEvents = YES;
				INFOPLIST_KEY_UILaunchStoryboardName = LaunchScreen;
				INFOPLIST_KEY_UIMainStoryboardFile = Main;
				INFOPLIST_KEY_UIStatusBarStyle = UIStatusBarStyleLightContent;
				INFOPLIST_KEY_UISupportedInterfaceOrientations = UIInterfaceOrientationPortrait;
				INFOPLIST_KEY_UISupportedInterfaceOrientations_iPad = "UIInterfaceOrientationLandscapeLeft UIInterfaceOrientationLandscapeRight UIInterfaceOrientationPortrait UIInterfaceOrientationPortraitUpsideDown";
				IPHONEOS_DEPLOYMENT_TARGET = 16.6;
				LD_RUNPATH_SEARCH_PATHS = (
					"$(inherited)",
					"@executable_path/Frameworks",
				);
				MARKETING_VERSION = 1.0;
				PRODUCT_BUNDLE_IDENTIFIER = github.com.anchietajunior.sporticalapp;
				PRODUCT_NAME = "$(TARGET_NAME)";
				PROVISIONING_PROFILE_SPECIFIER = "";
				SUPPORTED_PLATFORMS = "iphoneos iphonesimulator";
				SUPPORTS_MACCATALYST = NO;
				SUPPORTS_MAC_DESIGNED_FOR_IPHONE_IPAD = NO;
				SUPPORTS_XR_DESIGNED_FOR_IPHONE_IPAD = NO;
				SWIFT_EMIT_LOC_STRINGS = YES;
				SWIFT_VERSION = 5.0;
				TARGETED_DEVICE_FAMILY = 1;
			};
			name = Debug;
		};
		E487C16F2B9610860008BD83 /* Release */ = {
			isa = XCBuildConfiguration;
			buildSettings = {
				ASSETCATALOG_COMPILER_APPICON_NAME = AppIcon;
				ASSETCATALOG_COMPILER_GLOBAL_ACCENT_COLOR_NAME = AccentColor;
				CODE_SIGN_STYLE = Automatic;
				CURRENT_PROJECT_VERSION = 1;
				DEVELOPMENT_TEAM = WPU4CLB3RL;
				GENERATE_INFOPLIST_FILE = YES;
				INFOPLIST_FILE = sporticalapp/Info.plist;
				INFOPLIST_KEY_CFBundleDisplayName = SporticalApp;
				INFOPLIST_KEY_LSApplicationCategoryType = "public.app-category.sports";
				INFOPLIST_KEY_UIApplicationSupportsIndirectInputEvents = YES;
				INFOPLIST_KEY_UILaunchStoryboardName = LaunchScreen;
				INFOPLIST_KEY_UIMainStoryboardFile = Main;
				INFOPLIST_KEY_UIStatusBarStyle = UIStatusBarStyleLightContent;
				INFOPLIST_KEY_UISupportedInterfaceOrientations = UIInterfaceOrientationPortrait;
				INFOPLIST_KEY_UISupportedInterfaceOrientations_iPad = "UIInterfaceOrientationLandscapeLeft UIInterfaceOrientationLandscapeRight UIInterfaceOrientationPortrait UIInterfaceOrientationPortraitUpsideDown";
				IPHONEOS_DEPLOYMENT_TARGET = 16.6;
				LD_RUNPATH_SEARCH_PATHS = (
					"$(inherited)",
					"@executable_path/Frameworks",
				);
				MARKETING_VERSION = 1.0;
				PRODUCT_BUNDLE_IDENTIFIER = github.com.anchietajunior.sporticalapp;
				PRODUCT_NAME = "$(TARGET_NAME)";
				SUPPORTED_PLATFORMS = "iphoneos iphonesimulator";
				SUPPORTS_MACCATALYST = NO;
				SUPPORTS_MAC_DESIGNED_FOR_IPHONE_IPAD = NO;
				SUPPORTS_XR_DESIGNED_FOR_IPHONE_IPAD = NO;
				SWIFT_EMIT_LOC_STRINGS = YES;
				SWIFT_VERSION = 5.0;
				TARGETED_DEVICE_FAMILY = 1;
			};
			name = Release;
		};
/* End XCBuildConfiguration section */

/* Begin XCConfigurationList section */
		E487C1542B9610840008BD83 /* Build configuration list for PBXProject "sporticalapp" */ = {
			isa = XCConfigurationList;
			buildConfigurations = (
				E487C16B2B9610860008BD83 /* Debug */,
				E487C16C2B9610860008BD83 /* Release */,
			);
			defaultConfigurationIsVisible = 0;
			defaultConfigurationName = Release;
		};
		E487C16D2B9610860008BD83 /* Build configuration list for PBXNativeTarget "sporticalapp" */ = {
			isa = XCConfigurationList;
			buildConfigurations = (
				E487C16E2B9610860008BD83 /* Debug */,
				E487C16F2B9610860008BD83 /* Release */,
			);
			defaultConfigurationIsVisible = 0;
			defaultConfigurationName = Release;
		};
/* End XCConfigurationList section */

/* Begin XCRemoteSwiftPackageReference section */
		E487C1702B9615A20008BD83 /* XCRemoteSwiftPackageReference "TurboNavigator" */ = {
			isa = XCRemoteSwiftPackageReference;
			repositoryURL = "https://github.com/joemasilotti/TurboNavigator";
			requirement = {
				kind = upToNextMajorVersion;
				minimumVersion = 0.3.0;
			};
		};
		E487C1732B9615CD0008BD83 /* XCRemoteSwiftPackageReference "strada-ios" */ = {
			isa = XCRemoteSwiftPackageReference;
			repositoryURL = "https://github.com/hotwired/strada-ios/";
			requirement = {
				branch = main;
				kind = branch;
			};
		};
/* End XCRemoteSwiftPackageReference section */

/* Begin XCSwiftPackageProductDependency section */
		E487C1712B9615A20008BD83 /* TurboNavigator */ = {
			isa = XCSwiftPackageProductDependency;
			package = E487C1702B9615A20008BD83 /* XCRemoteSwiftPackageReference "TurboNavigator" */;
			productName = TurboNavigator;
		};
		E487C1742B9615CD0008BD83 /* Strada */ = {
			isa = XCSwiftPackageProductDependency;
			package = E487C1732B9615CD0008BD83 /* XCRemoteSwiftPackageReference "strada-ios" */;
			productName = Strada;
		};
/* End XCSwiftPackageProductDependency section */
	};
	rootObject = E487C1512B9610840008BD83 /* Project object */;
}
